
Microsoft Visual Studio Solution File, Format Version 12.00
# Visual Studio 14
VisualStudioVersion = 14.0.25420.1
MinimumVisualStudioVersion = 10.0.40219.1
Project("{F14B399A-7131-4C87-9E4B-1186C45EF12D}") = "Report Project1", "Report Project1\Report Project1.rptproj", "{9DD62519-59D7-4B3E-A5AC-6B86E4D56459}"
EndProject
Global
	GlobalSection(SolutionConfigurationPlatforms) = preSolution
		Debug|Default = Debug|Default
		DebugLocal|Default = DebugLocal|Default
		Release|Default = Release|Default
	EndGlobalSection
	GlobalSection(ProjectConfigurationPlatforms) = postSolution
		{9DD62519-59D7-4B3E-A5AC-6B86E4D56459}.Debug|Default.ActiveCfg = Debug
		{9DD62519-59D7-4B3E-A5AC-6B86E4D56459}.Debug|Default.Build.0 = Debug
		{9DD62519-59D7-4B3E-A5AC-6B86E4D56459}.Debug|Default.Deploy.0 = Debug
		{9DD62519-59D7-4B3E-A5AC-6B86E4D56459}.DebugLocal|Default.ActiveCfg = DebugLocal
		{9DD62519-59D7-4B3E-A5AC-6B86E4D56459}.DebugLocal|Default.Build.0 = DebugLocal
		{9DD62519-59D7-4B3E-A5AC-6B86E4D56459}.Release|Default.ActiveCfg = Release
		{9DD62519-59D7-4B3E-A5AC-6B86E4D56459}.Release|Default.Build.0 = Release
		{9DD62519-59D7-4B3E-A5AC-6B86E4D56459}.Release|Default.Deploy.0 = Release
	EndGlobalSection
	GlobalSection(SolutionProperties) = preSolution
		HideSolutionNode = FALSE
	EndGlobalSection
EndGlobal
